
Microsoft Visual Studio Solution File, Format Version 12.00
# Visual Studio Version 17
VisualStudioVersion = 17.4.33110.190
MinimumVisualStudioVersion = 10.0.40219.1
Project("{FAE04EC0-301F-11D3-BF4B-00C04F79EFBC}") = "NoraxonService", "NoraxonService.csproj", "{0E2D421D-D811-4463-9357-4F5CF11B02ED}"
EndProject
Global
	GlobalSection(SolutionConfigurationPlatforms) = preSolution
		Debug|Any CPU = Debug|Any CPU
		Release|Any CPU = Release|Any CPU
	EndGlobalSection
	GlobalSection(ProjectConfigurationPlatforms) = postSolution
		{0E2D421D-D811-4463-9357-4F5CF11B02ED}.Debug|Any CPU.ActiveCfg = Debug|Any CPU
		{0E2D421D-D811-4463-9357-4F5CF11B02ED}.Debug|Any CPU.Build.0 = Debug|Any CPU
		{0E2D421D-D811-4463-9357-4F5CF11B02ED}.Release|Any CPU.ActiveCfg = Release|Any CPU
		{0E2D421D-D811-4463-9357-4F5CF11B02ED}.Release|Any CPU.Build.0 = Release|Any CPU
	EndGlobalSection
	GlobalSection(SolutionProperties) = preSolution
		HideSolutionNode = FALSE
	EndGlobalSection
	GlobalSection(ExtensibilityGlobals) = postSolution
		SolutionGuid = {35BCDA8A-B253-433D-B084-4DE67E29428D}
	EndGlobalSection
EndGlobal
